
Microsoft Visual Studio Solution File, Format Version 12.00
# Visual Studio Version 17
VisualStudioVersion = 17.14.37216.2 d17.14
MinimumVisualStudioVersion = 10.0.40219.1
Project("{FAE04EC0-301F-11D3-BF4B-00C04F79EFBC}") = "CreadorTemas", "CreadorTemas.csproj", "{FC85EA81-3261-FFB8-5D05-C480223A908C}"
EndProject
Global
	GlobalSection(SolutionConfigurationPlatforms) = preSolution
		Debug|Any CPU = Debug|Any CPU
		Release|Any CPU = Release|Any CPU
	EndGlobalSection
	GlobalSection(ProjectConfigurationPlatforms) = postSolution
		{FC85EA81-3261-FFB8-5D05-C480223A908C}.Debug|Any CPU.ActiveCfg = Debug|Any CPU
		{FC85EA81-3261-FFB8-5D05-C480223A908C}.Debug|Any CPU.Build.0 = Debug|Any CPU
		{FC85EA81-3261-FFB8-5D05-C480223A908C}.Release|Any CPU.ActiveCfg = Release|Any CPU
		{FC85EA81-3261-FFB8-5D05-C480223A908C}.Release|Any CPU.Build.0 = Release|Any CPU
	EndGlobalSection
	GlobalSection(SolutionProperties) = preSolution
		HideSolutionNode = FALSE
	EndGlobalSection
	GlobalSection(ExtensibilityGlobals) = postSolution
		SolutionGuid = {CCB13BFF-A949-4604-B64B-E23B594D34B5}
	EndGlobalSection
EndGlobal
